<?xml version="1.0" encoding="UTF-8" standalone="yes" ?>
<CodeBlocks_project_file>
	<FileVersion major="1" minor="6" />
	<Project>
		<Option title="great-project" />
		<Option pch_mode="2" />
		<Option compiler="gcc" />
		<Build>
			<Target title="Debug">
				<Option output="bin/Debug/great-project" prefix_auto="1" extension_auto="1" />
				<Option object_output="obj/Debug/" />
				<Option type="1" />
				<Option compiler="gcc" />
				<Compiler>
					<Add option="-g" />
					<Add directory="include" />
				</Compiler>
			</Target>
			<Target title="Release">
				<Option output="bin/Release/great-project" prefix_auto="1" extension_auto="1" />
				<Option object_output="obj/Release/" />
				<Option type="1" />
				<Option compiler="gcc" />
				<Compiler>
					<Add option="-O2" />
					<Add directory="include" />
				</Compiler>
				<Linker>
					<Add option="-s" />
				</Linker>
			</Target>
			<Target title="Test">
				<Option output="great-project" prefix_auto="1" extension_auto="1" />
				<Option type="0" />
				<Option compiler="gcc" />
				<Compiler>
					<Add option="-g" />
					<Add directory="include" />
				</Compiler>
				<Linker>
					<Add directory="include" />
				</Linker>
			</Target>
		</Build>
		<Compiler>
			<Add option="-Wall" />
		</Compiler>
		<Unit filename="include/array.h">
			<Option target="&lt;{~None~}&gt;" />
		</Unit>
		<Unit filename="include/catalog.h">
			<Option target="&lt;{~None~}&gt;" />
		</Unit>
		<Unit filename="include/data.h">
			<Option target="&lt;{~None~}&gt;" />
		</Unit>
		<Unit filename="include/dictionary.h">
			<Option target="&lt;{~None~}&gt;" />
		</Unit>
		<Unit filename="include/listing_ui.h">
			<Option target="&lt;{~None~}&gt;" />
		</Unit>
		<Unit filename="include/interact.h">
			<Option target="Debug" />
		</Unit>
		<Unit filename="include/ordered_list.h">
			<Option target="&lt;{~None~}&gt;" />
		</Unit>
		<Unit filename="include/util.h">
			<Option target="&lt;{~None~}&gt;" />
		</Unit>
		<Unit filename="src/array.c">
			<Option compilerVar="CC" />
		</Unit>
		<Unit filename="src/catalog.c">
			<Option compilerVar="CC" />
		</Unit>
		<Unit filename="src/data.c">
			<Option compilerVar="CC" />
		</Unit>
		<Unit filename="src/dictionary.c">
			<Option compilerVar="CC" />
		</Unit>
		<Unit filename="src/lines.c">
			<Option compilerVar="CC" />
		</Unit>
		<Unit filename="src/listing_ui.c">
			<Option compilerVar="CC" />
		</Unit>
		<Unit filename="src/main.c">
			<Option compilerVar="CC" />
			<Option target="Release" />
			<Option target="Debug" />
		</Unit>
		<Unit filename="src/interact.c">
			<Option compilerVar="CC" />
			<Option target="Debug" />
			<Option target="Release" />
		</Unit>
		<Unit filename="src/ordered_list.c">
			<Option compilerVar="CC" />
		</Unit>
		<Unit filename="src/util.c">
			<Option compilerVar="CC" />
		</Unit>
		<Unit filename="test/test.c">
			<Option compilerVar="CC" />
			<Option target="Test" />
		</Unit>
		<Unit filename="test/tinytest.h">
			<Option target="&lt;{~None~}&gt;" />
		</Unit>
		<Extensions>
			<code_completion>
				<search_path add="include" />
			</code_completion>
			<debugger />
			<envvars />
		</Extensions>
	</Project>
</CodeBlocks_project_file>
